Microsoft Visual Studio Solution File, Format Version 11.00
# Visual Studio 2008

Project("{8FE38A5E-88E3-4CF2-96F2-75AC70DD8E5B}") = "android_remote_controller", "Assembly-CSharp.csproj", "{3EDE02E5-1F32-E433-394E-1694F1E32321}"
EndProject
Project("{8FE38A5E-88E3-4CF2-96F2-75AC70DD8E5B}") = "android_remote_controller", "Assembly-CSharp-Editor.csproj", "{5583D8DF-0355-E696-370F-BE29FA87C64E}"
EndProject
Global
	GlobalSection(SolutionConfigurationPlatforms) = preSolution
		Debug|Any CPU = Debug|Any CPU
		Release|Any CPU = Release|Any CPU
	EndGlobalSection
	GlobalSection(ProjectConfigurationPlatforms) = postSolution
		{3EDE02E5-1F32-E433-394E-1694F1E32321}.Debug|Any CPU.ActiveCfg = Debug|Any CPU
		{3EDE02E5-1F32-E433-394E-1694F1E32321}.Debug|Any CPU.Build.0 = Debug|Any CPU
		{3EDE02E5-1F32-E433-394E-1694F1E32321}.Release|Any CPU.ActiveCfg = Release|Any CPU
		{3EDE02E5-1F32-E433-394E-1694F1E32321}.Release|Any CPU.Build.0 = Release|Any CPU
		{5583D8DF-0355-E696-370F-BE29FA87C64E}.Debug|Any CPU.ActiveCfg = Debug|Any CPU
		{5583D8DF-0355-E696-370F-BE29FA87C64E}.Debug|Any CPU.Build.0 = Debug|Any CPU
		{5583D8DF-0355-E696-370F-BE29FA87C64E}.Release|Any CPU.ActiveCfg = Release|Any CPU
		{5583D8DF-0355-E696-370F-BE29FA87C64E}.Release|Any CPU.Build.0 = Release|Any CPU
	EndGlobalSection
	GlobalSection(SolutionProperties) = preSolution
		HideSolutionNode = FALSE
	EndGlobalSection
															GlobalSection(MonoDevelopProperties) = preSolution
		StartupItem = Assembly-CSharp.csproj
		Policies = $0
		$0.TextStylePolicy = $1
		$1.inheritsSet = null
		$1.scope = text/x-csharp
		$0.CSharpFormattingPolicy = $2
		$2.inheritsSet = Mono
		$2.inheritsScope = text/x-csharp
		$2.scope = text/x-csharp
		$0.TextStylePolicy = $3
		$3.FileWidth = 120
		$3.TabWidth = 4
		$3.IndentWidth = 4
		$3.EolMarker = Unix
		$3.inheritsSet = Mono
		$3.inheritsScope = text/plain
		$3.scope = text/plain
	EndGlobalSection

EndGlobal
